// !$*UTF8*$!
{
	archiveVersion = 1;
	classes = {
	};
	objectVersion = 46;
	objects = {

/* Begin PBXBuildFile section */
		A881F1441C10446400F666B1 /* main.m in Sources */ = {isa = PBXBuildFile; fileRef = A881F1431C10446400F666B1 /* main.m */; };
		A881F1471C10446400F666B1 /* AppDelegate.m in Sources */ = {isa = PBXBuildFile; fileRef = A881F1461C10446400F666B1 /* AppDelegate.m */; };
		A881F14A1C10446400F666B1 /* ViewController.m in Sources */ = {isa = PBXBuildFile; fileRef = A881F1491C10446400F666B1 /* ViewController.m */; };
		A881F14D1C10446400F666B1 /* Main.storyboard in Resources */ = {isa = PBXBuildFile; fileRef = A881F14B1C10446400F666B1 /* Main.storyboard */; };
		A881F14F1C10446400F666B1 /* Assets.xcassets in Resources */ = {isa = PBXBuildFile; fileRef = A881F14E1C10446400F666B1 /* Assets.xcassets */; };
		A881F1521C10446400F666B1 /* LaunchScreen.storyboard in Resources */ = {isa = PBXBuildFile; fileRef = A881F1501C10446400F666B1 /* LaunchScreen.storyboard */; };
		A881F15D1C10446400F666B1 /* SampleGitTests.m in Sources */ = {isa = PBXBuildFile; fileRef = A881F15C1C10446400F666B1 /* SampleGitTests.m */; };
		A881F1681C10446500F666B1 /* SampleGitUITests.m in Sources */ = {isa = PBXBuildFile; fileRef = A881F1671C10446500F666B1 /* SampleGitUITests.m */; };
/* End PBXBuildFile section */

/* Begin PBXContainerItemProxy section */
		A881F1591C10446400F666B1 /* PBXContainerItemProxy */ = {
			isa = PBXContainerItemProxy;
			containerPortal = A881F1371C10446400F666B1 /* Project object */;
			proxyType = 1;
			remoteGlobalIDString = A881F13E1C10446400F666B1;
			remoteInfo = SampleGit;
		};
		A881F1641C10446500F666B1 /* PBXContainerItemProxy */ = {
			isa = PBXContainerItemProxy;
			containerPortal = A881F1371C10446400F666B1 /* Project object */;
			proxyType = 1;
			remoteGlobalIDString = A881F13E1C10446400F666B1;
			remoteInfo = SampleGit;
		};
/* End PBXContainerItemProxy section */

/* Begin PBXFileReference section */
		A881F13F1C10446400F666B1 /* SampleGit.app */ = {isa = PBXFileReference; explicitFileType = wrapper.application; includeInIndex = 0; path = SampleGit.app; sourceTree = BUILT_PRODUCTS_DIR; };
		A881F1431C10446400F666B1 /* main.m */ = {isa = PBXFileReference; lastKnownFileType = sourcecode.c.objc; path = main.m; sourceTree = "<group>"; };
		A881F1451C10446400F666B1 /* AppDelegate.h */ = {isa = PBXFileReference; lastKnownFileType = sourcecode.c.h; path = AppDelegate.h; sourceTree = "<group>"; };
		A881F1461C10446400F666B1 /* AppDelegate.m */ = {isa = PBXFileReference; lastKnownFileType = sourcecode.c.objc; path = AppDelegate.m; sourceTree = "<group>"; };
		A881F1481C10446400F666B1 /* ViewController.h */ = {isa = PBXFileReference; lastKnownFileType = sourcecode.c.h; path = ViewController.h; sourceTree = "<group>"; };
		A881F1491C10446400F666B1 /* ViewController.m */ = {isa = PBXFileReference; lastKnownFileType = sourcecode.c.objc; path = ViewController.m; sourceTree = "<group>"; };
		A881F14C1C10446400F666B1 /* Base */ = {isa = PBXFileReference; lastKnownFileType = file.storyboard; name = Base; path = Base.lproj/Main.storyboard; sourceTree = "<group>"; };
		A881F14E1C10446400F666B1 /* Assets.xcassets */ = {isa = PBXFileReference; lastKnownFileType = folder.assetcatalog; path = Assets.xcassets; sourceTree = "<group>"; };
		A881F1511C10446400F666B1 /* Base */ = {isa = PBXFileReference; lastKnownFileType = file.storyboard; name = Base; path = Base.lproj/LaunchScreen.storyboard; sourceTree = "<group>"; };
		A881F1531C10446400F666B1 /* Info.plist */ = {isa = PBXFileReference; lastKnownFileType = text.plist.xml; path = Info.plist; sourceTree = "<group>"; };
		A881F1581C10446400F666B1 /* SampleGitTests.xctest */ = {isa = PBXFileReference; explicitFileType = wrapper.cfbundle; includeInIndex = 0; path = SampleGitTests.xctest; sourceTree = BUILT_PRODUCTS_DIR; };
		A881F15C1C10446400F666B1 /* SampleGitTests.m */ = {isa = PBXFileReference; lastKnownFileType = sourcecode.c.objc; path = SampleGitTests.m; sourceTree = "<group>"; };
		A881F15E1C10446400F666B1 /* Info.plist */ = {isa = PBXFileReference; lastKnownFileType = text.plist.xml; path = Info.plist; sourceTree = "<group>"; };
		A881F1631C10446500F666B1 /* SampleGitUITests.xctest */ = {isa = PBXFileReference; explicitFileType = wrapper.cfbundle; includeInIndex = 0; path = SampleGitUITests.xctest; sourceTree = BUILT_PRODUCTS_DIR; };
		A881F1671C10446500F666B1 /* SampleGitUITests.m */ = {isa = PBXFileReference; lastKnownFileType = sourcecode.c.objc; path = SampleGitUITests.m; sourceTree = "<group>"; };
		A881F1691C10446500F666B1 /* Info.plist */ = {isa = PBXFileReference; lastKnownFileType = text.plist.xml; path = Info.plist; sourceTree = "<group>"; };
/* End PBXFileReference section */

/* Begin PBXFrameworksBuildPhase section */
		A881F13C1C10446400F666B1 /* Frameworks */ = {
			isa = PBXFrameworksBuildPhase;
			buildActionMask = 2147483647;
			files = (
			);
			runOnlyForDeploymentPostprocessing = 0;
		};
		A881F1551C10446400F666B1 /* Frameworks */ = {
			isa = PBXFrameworksBuildPhase;
			buildActionMask = 2147483647;
			files = (
			);
			runOnlyForDeploymentPostprocessing = 0;
		};
		A881F1601C10446400F666B1 /* Frameworks */ = {
			isa = PBXFrameworksBuildPhase;
			buildActionMask = 2147483647;
			files = (
			);
			runOnlyForDeploymentPostprocessing = 0;
		};
/* End PBXFrameworksBuildPhase section */

/* Begin PBXGroup section */
		A881F1361C10446400F666B1 = {
			isa = PBXGroup;
			children = (
				A881F1411C10446400F666B1 /* SampleGit */,
				A881F15B1C10446400F666B1 /* SampleGitTests */,
				A881F1661C10446500F666B1 /* SampleGitUITests */,
				A881F1401C10446400F666B1 /* Products */,
			);
			sourceTree = "<group>";
		};
		A881F1401C10446400F666B1 /* Products */ = {
			isa = PBXGroup;
			children = (
				A881F13F1C10446400F666B1 /* SampleGit.app */,
				A881F1581C10446400F666B1 /* SampleGitTests.xctest */,
				A881F1631C10446500F666B1 /* SampleGitUITests.xctest */,
			);
			name = Products;
			sourceTree = "<group>";
		};
		A881F1411C10446400F666B1 /* SampleGit */ = {
			isa = PBXGroup;
			children = (
				A881F1451C10446400F666B1 /* AppDelegate.h */,
				A881F1461C10446400F666B1 /* AppDelegate.m */,
				A881F1481C10446400F666B1 /* ViewController.h */,
				A881F1491C10446400F666B1 /* ViewController.m */,
				A881F14B1C10446400F666B1 /* Main.storyboard */,
				A881F14E1C10446400F666B1 /* Assets.xcassets */,
				A881F1501C10446400F666B1 /* LaunchScreen.storyboard */,
				A881F1531C10446400F666B1 /* Info.plist */,
				A881F1421C10446400F666B1 /* Supporting Files */,
			);
			path = SampleGit;
			sourceTree = "<group>";
		};
		A881F1421C10446400F666B1 /* Supporting Files */ = {
			isa = PBXGroup;
			children = (
				A881F1431C10446400F666B1 /* main.m */,
			);
			name = "Supporting Files";
			sourceTree = "<group>";
		};
		A881F15B1C10446400F666B1 /* SampleGitTests */ = {
			isa = PBXGroup;
			children = (
				A881F15C1C10446400F666B1 /* SampleGitTests.m */,
				A881F15E1C10446400F666B1 /* Info.plist */,
			);
			path = SampleGitTests;
			sourceTree = "<group>";
		};
		A881F1661C10446500F666B1 /* SampleGitUITests */ = {
			isa = PBXGroup;
			children = (
				A881F1671C10446500F666B1 /* SampleGitUITests.m */,
				A881F1691C10446500F666B1 /* Info.plist */,
			);
			path = SampleGitUITests;
			sourceTree = "<group>";
		};
/* End PBXGroup section */

/* Begin PBXNativeTarget section */
		A881F13E1C10446400F666B1 /* SampleGit */ = {
			isa = PBXNativeTarget;
			buildConfigurationList = A881F16C1C10446500F666B1 /* Build configuration list for PBXNativeTarget "SampleGit" */;
			buildPhases = (
				A881F13B1C10446400F666B1 /* Sources */,
				A881F13C1C10446400F666B1 /* Frameworks */,
				A881F13D1C10446400F666B1 /* Resources */,
			);
			buildRules = (
			);
			dependencies = (
			);
			name = SampleGit;
			productName = SampleGit;
			productReference = A881F13F1C10446400F666B1 /* SampleGit.app */;
			productType = "com.apple.product-type.application";
		};
		A881F1571C10446400F666B1 /* SampleGitTests */ = {
			isa = PBXNativeTarget;
			buildConfigurationList = A881F16F1C10446500F666B1 /* Build configuration list for PBXNativeTarget "SampleGitTests" */;
			buildPhases = (
				A881F1541C10446400F666B1 /* Sources */,
				A881F1551C10446400F666B1 /* Frameworks */,
				A881F1561C10446400F666B1 /* Resources */,
			);
			buildRules = (
			);
			dependencies = (
				A881F15A1C10446400F666B1 /* PBXTargetDependency */,
			);
			name = SampleGitTests;
			productName = SampleGitTests;
			productReference = A881F1581C10446400F666B1 /* SampleGitTests.xctest */;
			productType = "com.apple.product-type.bundle.unit-test";
		};
		A881F1621C10446400F666B1 /* SampleGitUITests */ = {
			isa = PBXNativeTarget;
			buildConfigurationList = A881F1721C10446500F666B1 /* Build configuration list for PBXNativeTarget "SampleGitUITests" */;
			buildPhases = (
				A881F15F1C10446400F666B1 /* Sources */,
				A881F1601C10446400F666B1 /* Frameworks */,
				A881F1611C10446400F666B1 /* Resources */,
			);
			buildRules = (
			);
			dependencies = (
				A881F1651C10446500F666B1 /* PBXTargetDependency */,
			);
			name = SampleGitUITests;
			productName = SampleGitUITests;
			productReference = A881F1631C10446500F666B1 /* SampleGitUITests.xctest */;
			productType = "com.apple.product-type.bundle.ui-testing";
		};
/* End PBXNativeTarget section */

/* Begin PBXProject section */
		A881F1371C10446400F666B1 /* Project object */ = {
			isa = PBXProject;
			attributes = {
				LastUpgradeCheck = 0710;
				ORGANIZATIONNAME = Paradigmcreatives;
				TargetAttributes = {
					A881F13E1C10446400F666B1 = {
						CreatedOnToolsVersion = 7.1.1;
					};
					A881F1571C10446400F666B1 = {
						CreatedOnToolsVersion = 7.1.1;
						TestTargetID = A881F13E1C10446400F666B1;
					};
					A881F1621C10446400F666B1 = {
						CreatedOnToolsVersion = 7.1.1;
						TestTargetID = A881F13E1C10446400F666B1;
					};
				};
			};
			buildConfigurationList = A881F13A1C10446400F666B1 /* Build configuration list for PBXProject "SampleGit" */;
			compatibilityVersion = "Xcode 3.2";
			developmentRegion = English;
			hasScannedForEncodings = 0;
			knownRegions = (
				en,
				Base,
			);
			mainGroup = A881F1361C10446400F666B1;
			productRefGroup = A881F1401C10446400F666B1 /* Products */;
			projectDirPath = "";
			projectRoot = "";
			targets = (
				A881F13E1C10446400F666B1 /* SampleGit */,
				A881F1571C10446400F666B1 /* SampleGitTests */,
				A881F1621C10446400F666B1 /* SampleGitUITests */,
			);
		};
/* End PBXProject section */

/* Begin PBXResourcesBuildPhase section */
		A881F13D1C10446400F666B1 /* Resources */ = {
			isa = PBXResourcesBuildPhase;
			buildActionMask = 2147483647;
			files = (
				A881F1521C10446400F666B1 /* LaunchScreen.storyboard in Resources */,
				A881F14F1C10446400F666B1 /* Assets.xcassets in Resources */,
				A881F14D1C10446400F666B1 /* Main.storyboard in Resources */,
			);
			runOnlyForDeploymentPostprocessing = 0;
		};
		A881F1561C10446400F666B1 /* Resources */ = {
			isa = PBXResourcesBuildPhase;
			buildActionMask = 2147483647;
			files = (
			);
			runOnlyForDeploymentPostprocessing = 0;
		};
		A881F1611C10446400F666B1 /* Resources */ = {
			isa = PBXResourcesBuildPhase;
			buildActionMask = 2147483647;
			files = (
			);
			runOnlyForDeploymentPostprocessing = 0;
		};
/* End PBXResourcesBuildPhase section */

/* Begin PBXSourcesBuildPhase section */
		A881F13B1C10446400F666B1 /* Sources */ = {
			isa = PBXSourcesBuildPhase;
			buildActionMask = 2147483647;
			files = (
				A881F14A1C10446400F666B1 /* ViewController.m in Sources */,
				A881F1471C10446400F666B1 /* AppDelegate.m in Sources */,
				A881F1441C10446400F666B1 /* main.m in Sources */,
			);
			runOnlyForDeploymentPostprocessing = 0;
		};
		A881F1541C10446400F666B1 /* Sources */ = {
			isa = PBXSourcesBuildPhase;
			buildActionMask = 2147483647;
			files = (
				A881F15D1C10446400F666B1 /* SampleGitTests.m in Sources */,
			);
			runOnlyForDeploymentPostprocessing = 0;
		};
		A881F15F1C10446400F666B1 /* Sources */ = {
			isa = PBXSourcesBuildPhase;
			buildActionMask = 2147483647;
			files = (
				A881F1681C10446500F666B1 /* SampleGitUITests.m in Sources */,
			);
			runOnlyForDeploymentPostprocessing = 0;
		};
/* End PBXSourcesBuildPhase section */

/* Begin PBXTargetDependency section */
		A881F15A1C10446400F666B1 /* PBXTargetDependency */ = {
			isa = PBXTargetDependency;
			target = A881F13E1C10446400F666B1 /* SampleGit */;
			targetProxy = A881F1591C10446400F666B1 /* PBXContainerItemProxy */;
		};
		A881F1651C10446500F666B1 /* PBXTargetDependency */ = {
			isa = PBXTargetDependency;
			target = A881F13E1C10446400F666B1 /* SampleGit */;
			targetProxy = A881F1641C10446500F666B1 /* PBXContainerItemProxy */;
		};
/* End PBXTargetDependency section */

/* Begin PBXVariantGroup section */
		A881F14B1C10446400F666B1 /* Main.storyboard */ = {
			isa = PBXVariantGroup;
			children = (
				A881F14C1C10446400F666B1 /* Base */,
			);
			name = Main.storyboard;
			sourceTree = "<group>";
		};
		A881F1501C10446400F666B1 /* LaunchScreen.storyboard */ = {
			isa = PBXVariantGroup;
			children = (
				A881F1511C10446400F666B1 /* Base */,
			);
			name = LaunchScreen.storyboard;
			sourceTree = "<group>";
		};
/* End PBXVariantGroup section */

/* Begin XCBuildConfiguration section */
		A881F16A1C10446500F666B1 /* Debug */ = {
			isa = XCBuildConfiguration;
			buildSettings = {
				ALWAYS_SEARCH_USER_PATHS = NO;
				CLANG_CXX_LANGUAGE_STANDARD = "gnu++0x";
				CLANG_CXX_LIBRARY = "libc++";
				CLANG_ENABLE_MODULES = YES;
				CLANG_ENABLE_OBJC_ARC = YES;
				CLANG_WARN_BOOL_CONVERSION = YES;
				CLANG_WARN_CONSTANT_CONVERSION = YES;
				CLANG_WARN_DIRECT_OBJC_ISA_USAGE = YES_ERROR;
				CLANG_WARN_EMPTY_BODY = YES;
				CLANG_WARN_ENUM_CONVERSION = YES;
				CLANG_WARN_INT_CONVERSION = YES;
				CLANG_WARN_OBJC_ROOT_CLASS = YES_ERROR;
				CLANG_WARN_UNREACHABLE_CODE = YES;
				CLANG_WARN__DUPLICATE_METHOD_MATCH = YES;
				"CODE_SIGN_IDENTITY[sdk=iphoneos*]" = "iPhone Developer";
				COPY_PHASE_STRIP = NO;
				DEBUG_INFORMATION_FORMAT = dwarf;
				ENABLE_STRICT_OBJC_MSGSEND = YES;
				ENABLE_TESTABILITY = YES;
				GCC_C_LANGUAGE_STANDARD = gnu99;
				GCC_DYNAMIC_NO_PIC = NO;
				GCC_NO_COMMON_BLOCKS = YES;
				GCC_OPTIMIZATION_LEVEL = 0;
				GCC_PREPROCESSOR_DEFINITIONS = (
					"DEBUG=1",
					"$(inherited)",
				);
				GCC_WARN_64_TO_32_BIT_CONVERSION = YES;
				GCC_WARN_ABOUT_RETURN_TYPE = YES_ERROR;
				GCC_WARN_UNDECLARED_SELECTOR = YES;
				GCC_WARN_UNINITIALIZED_AUTOS = YES_AGGRESSIVE;
				GCC_WARN_UNUSED_FUNCTION = YES;
				GCC_WARN_UNUSED_VARIABLE = YES;
				IPHONEOS_DEPLOYMENT_TARGET = 9.1;
				MTL_ENABLE_DEBUG_INFO = YES;
				ONLY_ACTIVE_ARCH = YES;
				SDKROOT = iphoneos;
				TARGETED_DEVICE_FAMILY = "1,2";
			};
			name = Debug;
		};
		A881F16B1C10446500F666B1 /* Release */ = {
			isa = XCBuildConfiguration;
			buildSettings = {
				ALWAYS_SEARCH_USER_PATHS = NO;
				CLANG_CXX_LANGUAGE_STANDARD = "gnu++0x";
				CLANG_CXX_LIBRARY = "libc++";
				CLANG_ENABLE_MODULES = YES;
				CLANG_ENABLE_OBJC_ARC = YES;
				CLANG_WARN_BOOL_CONVERSION = YES;
				CLANG_WARN_CONSTANT_CONVERSION = YES;
				CLANG_WARN_DIRECT_OBJC_ISA_USAGE = YES_ERROR;
				CLANG_WARN_EMPTY_BODY = YES;
				CLANG_WARN_ENUM_CONVERSION = YES;
				CLANG_WARN_INT_CONVERSION = YES;
				CLANG_WARN_OBJC_ROOT_CLASS = YES_ERROR;
				CLANG_WARN_UNREACHABLE_CODE = YES;
				CLANG_WARN__DUPLICATE_METHOD_MATCH = YES;
				"CODE_SIGN_IDENTITY[sdk=iphoneos*]" = "iPhone Developer";
				COPY_PHASE_STRIP = NO;
				DEBUG_INFORMATION_FORMAT = "dwarf-with-dsym";
				ENABLE_NS_ASSERTIONS = NO;
				ENABLE_STRICT_OBJC_MSGSEND = YES;
				GCC_C_LANGUAGE_STANDARD = gnu99;
				GCC_NO_COMMON_BLOCKS = YES;
				GCC_WARN_64_TO_32_BIT_CONVERSION = YES;
				GCC_WARN_ABOUT_RETURN_TYPE = YES_ERROR;
				GCC_WARN_UNDECLARED_SELECTOR = YES;
				GCC_WARN_UNINITIALIZED_AUTOS = YES_AGGRESSIVE;
				GCC_WARN_UNUSED_FUNCTION = YES;
				GCC_WARN_UNUSED_VARIABLE = YES;
				IPHONEOS_DEPLOYMENT_TARGET = 9.1;
				MTL_ENABLE_DEBUG_INFO = NO;
				SDKROOT = iphoneos;
				TARGETED_DEVICE_FAMILY = "1,2";
				VALIDATE_PRODUCT = YES;
			};
			name = Release;
		};
		A881F16D1C10446500F666B1 /* Debug */ = {
			isa = XCBuildConfiguration;
			buildSettings = {
				ASSETCATALOG_COMPILER_APPICON_NAME = AppIcon;
				INFOPLIST_FILE = SampleGit/Info.plist;
				LD_RUNPATH_SEARCH_PATHS = "$(inherited) @executable_path/Frameworks";
				PRODUCT_BUNDLE_IDENTIFIER = com.paradigmcreatives.SampleGit;
				PRODUCT_NAME = "$(TARGET_NAME)";
			};
			name = Debug;
		};
		A881F16E1C10446500F666B1 /* Release */ = {
			isa = XCBuildConfiguration;
			buildSettings = {
				ASSETCATALOG_COMPILER_APPICON_NAME = AppIcon;
				INFOPLIST_FILE = SampleGit/Info.plist;
				LD_RUNPATH_SEARCH_PATHS = "$(inherited) @executable_path/Frameworks";
				PRODUCT_BUNDLE_IDENTIFIER = com.paradigmcreatives.SampleGit;
				PRODUCT_NAME = "$(TARGET_NAME)";
			};
			name = Release;
		};
		A881F1701C10446500F666B1 /* Debug */ = {
			isa = XCBuildConfiguration;
			buildSettings = {
				BUNDLE_LOADER = "$(TEST_HOST)";
				INFOPLIST_FILE = SampleGitTests/Info.plist;
				LD_RUNPATH_SEARCH_PATHS = "$(inherited) @executable_path/Frameworks @loader_path/Frameworks";
				PRODUCT_BUNDLE_IDENTIFIER = com.paradigmcreatives.SampleGitTests;
				PRODUCT_NAME = "$(TARGET_NAME)";
				TEST_HOST = "$(BUILT_PRODUCTS_DIR)/SampleGit.app/SampleGit";
			};
			name = Debug;
		};
		A881F1711C10446500F666B1 /* Release */ = {
			isa = XCBuildConfiguration;
			buildSettings = {
				BUNDLE_LOADER = "$(TEST_HOST)";
				INFOPLIST_FILE = SampleGitTests/Info.plist;
				LD_RUNPATH_SEARCH_PATHS = "$(inherited) @executable_path/Frameworks @loader_path/Frameworks";
				PRODUCT_BUNDLE_IDENTIFIER = com.paradigmcreatives.SampleGitTests;
				PRODUCT_NAME = "$(TARGET_NAME)";
				TEST_HOST = "$(BUILT_PRODUCTS_DIR)/SampleGit.app/SampleGit";
			};
			name = Release;
		};
		A881F1731C10446500F666B1 /* Debug */ = {
			isa = XCBuildConfiguration;
			buildSettings = {
				INFOPLIST_FILE = SampleGitUITests/Info.plist;
				LD_RUNPATH_SEARCH_PATHS = "$(inherited) @executable_path/Frameworks @loader_path/Frameworks";
				PRODUCT_BUNDLE_IDENTIFIER = com.paradigmcreatives.SampleGitUITests;
				PRODUCT_NAME = "$(TARGET_NAME)";
				TEST_TARGET_NAME = SampleGit;
				USES_XCTRUNNER = YES;
			};
			name = Debug;
		};
		A881F1741C10446500F666B1 /* Release */ = {
			isa = XCBuildConfiguration;
			buildSettings = {
				INFOPLIST_FILE = SampleGitUITests/Info.plist;
				LD_RUNPATH_SEARCH_PATHS = "$(inherited) @executable_path/Frameworks @loader_path/Frameworks";
				PRODUCT_BUNDLE_IDENTIFIER = com.paradigmcreatives.SampleGitUITests;
				PRODUCT_NAME = "$(TARGET_NAME)";
				TEST_TARGET_NAME = SampleGit;
				USES_XCTRUNNER = YES;
			};
			name = Release;
		};
/* End XCBuildConfiguration section */

/* Begin XCConfigurationList section */
		A881F13A1C10446400F666B1 /* Build configuration list for PBXProject "SampleGit" */ = {
			isa = XCConfigurationList;
			buildConfigurations = (
				A881F16A1C10446500F666B1 /* Debug */,
				A881F16B1C10446500F666B1 /* Release */,
			);
			defaultConfigurationIsVisible = 0;
			defaultConfigurationName = Release;
		};
		A881F16C1C10446500F666B1 /* Build configuration list for PBXNativeTarget "SampleGit" */ = {
			isa = XCConfigurationList;
			buildConfigurations = (
				A881F16D1C10446500F666B1 /* Debug */,
				A881F16E1C10446500F666B1 /* Release */,
			);
			defaultConfigurationIsVisible = 0;
		};
		A881F16F1C10446500F666B1 /* Build configuration list for PBXNativeTarget "SampleGitTests" */ = {
			isa = XCConfigurationList;
			buildConfigurations = (
				A881F1701C10446500F666B1 /* Debug */,
				A881F1711C10446500F666B1 /* Release */,
			);
			defaultConfigurationIsVisible = 0;
		};
		A881F1721C10446500F666B1 /* Build configuration list for PBXNativeTarget "SampleGitUITests" */ = {
			isa = XCConfigurationList;
			buildConfigurations = (
				A881F1731C10446500F666B1 /* Debug */,
				A881F1741C10446500F666B1 /* Release */,
			);
			defaultConfigurationIsVisible = 0;
		};
/* End XCConfigurationList section */
	};
	rootObject = A881F1371C10446400F666B1 /* Project object */;
}
